
Microsoft Visual Studio Solution File, Format Version 12.00
# Visual Studio Version 17
VisualStudioVersion = 17.10.35027.167
MinimumVisualStudioVersion = 10.0.40219.1
Project("{FAE04EC0-301F-11D3-BF4B-00C04F79EFBC}") = "yol_arkadasim_uygulamasi", "yol_arkadasim_uygulamasi\yol_arkadasim_uygulamasi.csproj", "{86DA2A8E-ACC5-498F-B6E2-DC5B57C1A4DC}"
EndProject
Global
	GlobalSection(SolutionConfigurationPlatforms) = preSolution
		Debug|Any CPU = Debug|Any CPU
		Release|Any CPU = Release|Any CPU
	EndGlobalSection
	GlobalSection(ProjectConfigurationPlatforms) = postSolution
		{86DA2A8E-ACC5-498F-B6E2-DC5B57C1A4DC}.Debug|Any CPU.ActiveCfg = Debug|Any CPU
		{86DA2A8E-ACC5-498F-B6E2-DC5B57C1A4DC}.Debug|Any CPU.Build.0 = Debug|Any CPU
		{86DA2A8E-ACC5-498F-B6E2-DC5B57C1A4DC}.Release|Any CPU.ActiveCfg = Release|Any CPU
		{86DA2A8E-ACC5-498F-B6E2-DC5B57C1A4DC}.Release|Any CPU.Build.0 = Release|Any CPU
	EndGlobalSection
	GlobalSection(SolutionProperties) = preSolution
		HideSolutionNode = FALSE
	EndGlobalSection
	GlobalSection(ExtensibilityGlobals) = postSolution
		SolutionGuid = {DC8C0B81-4AED-484C-8256-CDDD2267E44E}
	EndGlobalSection
EndGlobal
